
Microsoft Visual Studio Solution File, Format Version 12.00
# Visual Studio Version 17
VisualStudioVersion = 17.6.33829.357
MinimumVisualStudioVersion = 10.0.40219.1
Project("{FAE04EC0-301F-11D3-BF4B-00C04F79EFBC}") = "FBTarjeta", "FBTarjeta\FBTarjeta.csproj", "{86176E53-2685-414B-A1C7-A67052DF84B7}"
EndProject
Global
	GlobalSection(SolutionConfigurationPlatforms) = preSolution
		Debug|Any CPU = Debug|Any CPU
		Release|Any CPU = Release|Any CPU
	EndGlobalSection
	GlobalSection(ProjectConfigurationPlatforms) = postSolution
		{86176E53-2685-414B-A1C7-A67052DF84B7}.Debug|Any CPU.ActiveCfg = Debug|Any CPU
		{86176E53-2685-414B-A1C7-A67052DF84B7}.Debug|Any CPU.Build.0 = Debug|Any CPU
		{86176E53-2685-414B-A1C7-A67052DF84B7}.Release|Any CPU.ActiveCfg = Release|Any CPU
		{86176E53-2685-414B-A1C7-A67052DF84B7}.Release|Any CPU.Build.0 = Release|Any CPU
	EndGlobalSection
	GlobalSection(SolutionProperties) = preSolution
		HideSolutionNode = FALSE
	EndGlobalSection
	GlobalSection(ExtensibilityGlobals) = postSolution
		SolutionGuid = {A7A37665-30D3-4FAC-A91C-BE5B25CB9E64}
	EndGlobalSection
EndGlobal
